
Microsoft Visual Studio Solution File, Format Version 12.00
# Visual Studio Version 17
VisualStudioVersion = 17.5.33414.496
MinimumVisualStudioVersion = 10.0.40219.1
Project("{9A19103F-16F7-4668-BE54-9A1E7A4F7556}") = "SimpleBlog.Api", "src\SimpleBlog.Api\SimpleBlog.Api.csproj", "{9793F3ED-596E-47A4-BD0B-0E42973BACBE}"
EndProject
Project("{2150E333-8FDC-42A3-9474-1A3956D46DE8}") = "src", "src", "{96AF4B61-ABC9-4750-A92A-51FD8097C098}"
EndProject
Project("{2150E333-8FDC-42A3-9474-1A3956D46DE8}") = "tests", "tests", "{C0A4735F-00E5-43F0-B26D-7CCD3B0F3EB7}"
EndProject
Project("{9A19103F-16F7-4668-BE54-9A1E7A4F7556}") = "SimpleBlog.Application", "src\SimpleBlog.Application\SimpleBlog.Application.csproj", "{56F5FB22-352E-46DC-9FE0-453EAD049978}"
EndProject
Project("{9A19103F-16F7-4668-BE54-9A1E7A4F7556}") = "SimpleBlog.Domain", "src\SimpleBlog.Domain\SimpleBlog.Domain.csproj", "{C799E846-A787-42DC-B8CA-F0266B092AA0}"
EndProject
Project("{9A19103F-16F7-4668-BE54-9A1E7A4F7556}") = "SimpleBlog.Infrastructure", "src\SimpleBlog.Infrastructure\SimpleBlog.Infrastructure.csproj", "{B96AF260-CA0D-4DFA-8725-FCD68C17AD1F}"
EndProject
Project("{9A19103F-16F7-4668-BE54-9A1E7A4F7556}") = "SimpleBlog.Application.UnitTests", "tests\SimpleBlog.Application.UnitTests\SimpleBlog.Application.UnitTests.csproj", "{31293CA3-13FF-463B-878C-9B8BE648FD4D}"
EndProject
Project("{9A19103F-16F7-4668-BE54-9A1E7A4F7556}") = "SimpleBlog.Architecture.Tests", "tests\SimpleBlog.Architecture.Tests\SimpleBlog.Architecture.Tests.csproj", "{14ADD47F-15F8-4DC0-85AA-48FF1FE3FD41}"
EndProject
Project("{E53339B2-1760-4266-BCC7-CA923CBCF16C}") = "docker-compose", "docker-compose.dcproj", "{DF7EDEC1-4B42-4E2B-8B16-3050A5DEDAA7}"
EndProject
Project("{2150E333-8FDC-42A3-9474-1A3956D46DE8}") = "Solution Items", "Solution Items", "{D419EB91-3CF6-4F41-9619-0B1BA502E77E}"
	ProjectSection(SolutionItems) = preProject
		.editorconfig = .editorconfig
		.gitignore = .gitignore
		README.md = README.md
	EndProjectSection
EndProject
Global
	GlobalSection(SolutionConfigurationPlatforms) = preSolution
		Debug|Any CPU = Debug|Any CPU
		Release|Any CPU = Release|Any CPU
	EndGlobalSection
	GlobalSection(ProjectConfigurationPlatforms) = postSolution
		{9793F3ED-596E-47A4-BD0B-0E42973BACBE}.Debug|Any CPU.ActiveCfg = Debug|Any CPU
		{9793F3ED-596E-47A4-BD0B-0E42973BACBE}.Debug|Any CPU.Build.0 = Debug|Any CPU
		{9793F3ED-596E-47A4-BD0B-0E42973BACBE}.Release|Any CPU.ActiveCfg = Release|Any CPU
		{9793F3ED-596E-47A4-BD0B-0E42973BACBE}.Release|Any CPU.Build.0 = Release|Any CPU
		{56F5FB22-352E-46DC-9FE0-453EAD049978}.Debug|Any CPU.ActiveCfg = Debug|Any CPU
		{56F5FB22-352E-46DC-9FE0-453EAD049978}.Debug|Any CPU.Build.0 = Debug|Any CPU
		{56F5FB22-352E-46DC-9FE0-453EAD049978}.Release|Any CPU.ActiveCfg = Release|Any CPU
		{56F5FB22-352E-46DC-9FE0-453EAD049978}.Release|Any CPU.Build.0 = Release|Any CPU
		{C799E846-A787-42DC-B8CA-F0266B092AA0}.Debug|Any CPU.ActiveCfg = Debug|Any CPU
		{C799E846-A787-42DC-B8CA-F0266B092AA0}.Debug|Any CPU.Build.0 = Debug|Any CPU
		{C799E846-A787-42DC-B8CA-F0266B092AA0}.Release|Any CPU.ActiveCfg = Release|Any CPU
		{C799E846-A787-42DC-B8CA-F0266B092AA0}.Release|Any CPU.Build.0 = Release|Any CPU
		{B96AF260-CA0D-4DFA-8725-FCD68C17AD1F}.Debug|Any CPU.ActiveCfg = Debug|Any CPU
		{B96AF260-CA0D-4DFA-8725-FCD68C17AD1F}.Debug|Any CPU.Build.0 = Debug|Any CPU
		{B96AF260-CA0D-4DFA-8725-FCD68C17AD1F}.Release|Any CPU.ActiveCfg = Release|Any CPU
		{B96AF260-CA0D-4DFA-8725-FCD68C17AD1F}.Release|Any CPU.Build.0 = Release|Any CPU
		{31293CA3-13FF-463B-878C-9B8BE648FD4D}.Debug|Any CPU.ActiveCfg = Debug|Any CPU
		{31293CA3-13FF-463B-878C-9B8BE648FD4D}.Debug|Any CPU.Build.0 = Debug|Any CPU
		{31293CA3-13FF-463B-878C-9B8BE648FD4D}.Release|Any CPU.ActiveCfg = Release|Any CPU
		{31293CA3-13FF-463B-878C-9B8BE648FD4D}.Release|Any CPU.Build.0 = Release|Any CPU
		{14ADD47F-15F8-4DC0-85AA-48FF1FE3FD41}.Debug|Any CPU.ActiveCfg = Debug|Any CPU
		{14ADD47F-15F8-4DC0-85AA-48FF1FE3FD41}.Debug|Any CPU.Build.0 = Debug|Any CPU
		{14ADD47F-15F8-4DC0-85AA-48FF1FE3FD41}.Release|Any CPU.ActiveCfg = Release|Any CPU
		{14ADD47F-15F8-4DC0-85AA-48FF1FE3FD41}.Release|Any CPU.Build.0 = Release|Any CPU
		{DF7EDEC1-4B42-4E2B-8B16-3050A5DEDAA7}.Debug|Any CPU.ActiveCfg = Debug|Any CPU
		{DF7EDEC1-4B42-4E2B-8B16-3050A5DEDAA7}.Debug|Any CPU.Build.0 = Debug|Any CPU
		{DF7EDEC1-4B42-4E2B-8B16-3050A5DEDAA7}.Release|Any CPU.ActiveCfg = Release|Any CPU
		{DF7EDEC1-4B42-4E2B-8B16-3050A5DEDAA7}.Release|Any CPU.Build.0 = Release|Any CPU
	EndGlobalSection
	GlobalSection(SolutionProperties) = preSolution
		HideSolutionNode = FALSE
	EndGlobalSection
	GlobalSection(NestedProjects) = preSolution
		{9793F3ED-596E-47A4-BD0B-0E42973BACBE} = {96AF4B61-ABC9-4750-A92A-51FD8097C098}
		{56F5FB22-352E-46DC-9FE0-453EAD049978} = {96AF4B61-ABC9-4750-A92A-51FD8097C098}
		{C799E846-A787-42DC-B8CA-F0266B092AA0} = {96AF4B61-ABC9-4750-A92A-51FD8097C098}
		{B96AF260-CA0D-4DFA-8725-FCD68C17AD1F} = {96AF4B61-ABC9-4750-A92A-51FD8097C098}
		{31293CA3-13FF-463B-878C-9B8BE648FD4D} = {C0A4735F-00E5-43F0-B26D-7CCD3B0F3EB7}
		{14ADD47F-15F8-4DC0-85AA-48FF1FE3FD41} = {C0A4735F-00E5-43F0-B26D-7CCD3B0F3EB7}
	EndGlobalSection
	GlobalSection(ExtensibilityGlobals) = postSolution
		SolutionGuid = {F8593203-F4DF-4BEB-A248-26AE41AEE0E0}
	EndGlobalSection
EndGlobal
